// !$*UTF8*$!
{
	archiveVersion = 1;
	classes = {
	};
	objectVersion = 50;
	objects = {

/* Begin PBXBuildFile section */
		2C482B39222F9EFE0002DA14 /* AppDelegate.swift in Sources */ = {isa = PBXBuildFile; fileRef = 2C482B38222F9EFE0002DA14 /* AppDelegate.swift */; };
		2C482B3B222F9EFE0002DA14 /* ViewController.swift in Sources */ = {isa = PBXBuildFile; fileRef = 2C482B3A222F9EFE0002DA14 /* ViewController.swift */; };
		2C482B3E222F9EFE0002DA14 /* Main.storyboard in Resources */ = {isa = PBXBuildFile; fileRef = 2C482B3C222F9EFE0002DA14 /* Main.storyboard */; };
		2C482B40222F9EFF0002DA14 /* Assets.xcassets in Resources */ = {isa = PBXBuildFile; fileRef = 2C482B3F222F9EFF0002DA14 /* Assets.xcassets */; };
		2C482B43222F9EFF0002DA14 /* LaunchScreen.storyboard in Resources */ = {isa = PBXBuildFile; fileRef = 2C482B41222F9EFF0002DA14 /* LaunchScreen.storyboard */; };
		DC8B9DE843A28FB07F3E82B0 /* Pods_alamofirePractice.framework in Frameworks */ = {isa = PBXBuildFile; fileRef = 26C4D7AAB8EDD592A86EE1F2 /* Pods_alamofirePractice.framework */; };
/* End PBXBuildFile section */

/* Begin PBXFileReference section */
		26760FA95CBBD78951DF12B6 /* Pods-alamofirePractice.debug.xcconfig */ = {isa = PBXFileReference; includeInIndex = 1; lastKnownFileType = text.xcconfig; name = "Pods-alamofirePractice.debug.xcconfig"; path = "Target Support Files/Pods-alamofirePractice/Pods-alamofirePractice.debug.xcconfig"; sourceTree = "<group>"; };
		26C4D7AAB8EDD592A86EE1F2 /* Pods_alamofirePractice.framework */ = {isa = PBXFileReference; explicitFileType = wrapper.framework; includeInIndex = 0; path = Pods_alamofirePractice.framework; sourceTree = BUILT_PRODUCTS_DIR; };
		2C482B35222F9EFE0002DA14 /* alamofirePractice.app */ = {isa = PBXFileReference; explicitFileType = wrapper.application; includeInIndex = 0; path = alamofirePractice.app; sourceTree = BUILT_PRODUCTS_DIR; };
		2C482B38222F9EFE0002DA14 /* AppDelegate.swift */ = {isa = PBXFileReference; lastKnownFileType = sourcecode.swift; path = AppDelegate.swift; sourceTree = "<group>"; };
		2C482B3A222F9EFE0002DA14 /* ViewController.swift */ = {isa = PBXFileReference; lastKnownFileType = sourcecode.swift; path = ViewController.swift; sourceTree = "<group>"; };
		2C482B3D222F9EFE0002DA14 /* Base */ = {isa = PBXFileReference; lastKnownFileType = file.storyboard; name = Base; path = Base.lproj/Main.storyboard; sourceTree = "<group>"; };
		2C482B3F222F9EFF0002DA14 /* Assets.xcassets */ = {isa = PBXFileReference; lastKnownFileType = folder.assetcatalog; path = Assets.xcassets; sourceTree = "<group>"; };
		2C482B42222F9EFF0002DA14 /* Base */ = {isa = PBXFileReference; lastKnownFileType = file.storyboard; name = Base; path = Base.lproj/LaunchScreen.storyboard; sourceTree = "<group>"; };
		2C482B44222F9EFF0002DA14 /* Info.plist */ = {isa = PBXFileReference; lastKnownFileType = text.plist.xml; path = Info.plist; sourceTree = "<group>"; };
		FC7E7C24C059EBBC33D23920 /* Pods-alamofirePractice.release.xcconfig */ = {isa = PBXFileReference; includeInIndex = 1; lastKnownFileType = text.xcconfig; name = "Pods-alamofirePractice.release.xcconfig"; path = "Target Support Files/Pods-alamofirePractice/Pods-alamofirePractice.release.xcconfig"; sourceTree = "<group>"; };
/* End PBXFileReference section */

/* Begin PBXFrameworksBuildPhase section */
		2C482B32222F9EFE0002DA14 /* Frameworks */ = {
			isa = PBXFrameworksBuildPhase;
			buildActionMask = 2147483647;
			files = (
				DC8B9DE843A28FB07F3E82B0 /* Pods_alamofirePractice.framework in Frameworks */,
			);
			runOnlyForDeploymentPostprocessing = 0;
		};
/* End PBXFrameworksBuildPhase section */

/* Begin PBXGroup section */
		03DA3C99E7F72A3E4D9364C1 /* Frameworks */ = {
			isa = PBXGroup;
			children = (
				26C4D7AAB8EDD592A86EE1F2 /* Pods_alamofirePractice.framework */,
			);
			name = Frameworks;
			sourceTree = "<group>";
		};
		2C482B2C222F9EFE0002DA14 = {
			isa = PBXGroup;
			children = (
				2C482B37222F9EFE0002DA14 /* alamofirePractice */,
				2C482B36222F9EFE0002DA14 /* Products */,
				74EF95EDD38C1DCA0F531CCF /* Pods */,
				03DA3C99E7F72A3E4D9364C1 /* Frameworks */,
			);
			sourceTree = "<group>";
		};
		2C482B36222F9EFE0002DA14 /* Products */ = {
			isa = PBXGroup;
			children = (
				2C482B35222F9EFE0002DA14 /* alamofirePractice.app */,
			);
			name = Products;
			sourceTree = "<group>";
		};
		2C482B37222F9EFE0002DA14 /* alamofirePractice */ = {
			isa = PBXGroup;
			children = (
				2C482B38222F9EFE0002DA14 /* AppDelegate.swift */,
				2C482B3A222F9EFE0002DA14 /* ViewController.swift */,
				2C482B3C222F9EFE0002DA14 /* Main.storyboard */,
				2C482B3F222F9EFF0002DA14 /* Assets.xcassets */,
				2C482B41222F9EFF0002DA14 /* LaunchScreen.storyboard */,
				2C482B44222F9EFF0002DA14 /* Info.plist */,
			);
			path = alamofirePractice;
			sourceTree = "<group>";
		};
		74EF95EDD38C1DCA0F531CCF /* Pods */ = {
			isa = PBXGroup;
			children = (
				26760FA95CBBD78951DF12B6 /* Pods-alamofirePractice.debug.xcconfig */,
				FC7E7C24C059EBBC33D23920 /* Pods-alamofirePractice.release.xcconfig */,
			);
			name = Pods;
			path = Pods;
			sourceTree = "<group>";
		};
/* End PBXGroup section */

/* Begin PBXNativeTarget section */
		2C482B34222F9EFE0002DA14 /* alamofirePractice */ = {
			isa = PBXNativeTarget;
			buildConfigurationList = 2C482B47222F9EFF0002DA14 /* Build configuration list for PBXNativeTarget "alamofirePractice" */;
			buildPhases = (
				E455627A22C7526D795E2923 /* [CP] Check Pods Manifest.lock */,
				2C482B31222F9EFE0002DA14 /* Sources */,
				2C482B32222F9EFE0002DA14 /* Frameworks */,
				2C482B33222F9EFE0002DA14 /* Resources */,
				68DB6B3BEE48B940232F88D1 /* [CP] Embed Pods Frameworks */,
			);
			buildRules = (
			);
			dependencies = (
			);
			name = alamofirePractice;
			productName = alamofirePractice;
			productReference = 2C482B35222F9EFE0002DA14 /* alamofirePractice.app */;
			productType = "com.apple.product-type.application";
		};
/* End PBXNativeTarget section */

/* Begin PBXProject section */
		2C482B2D222F9EFE0002DA14 /* Project object */ = {
			isa = PBXProject;
			attributes = {
				LastSwiftUpdateCheck = 1010;
				LastUpgradeCheck = 1010;
				ORGANIZATIONNAME = ta_fukase;
				TargetAttributes = {
					2C482B34222F9EFE0002DA14 = {
						CreatedOnToolsVersion = 10.1;
					};
				};
			};
			buildConfigurationList = 2C482B30222F9EFE0002DA14 /* Build configuration list for PBXProject "alamofirePractice" */;
			compatibilityVersion = "Xcode 9.3";
			developmentRegion = en;
			hasScannedForEncodings = 0;
			knownRegions = (
				en,
				Base,
			);
			mainGroup = 2C482B2C222F9EFE0002DA14;
			productRefGroup = 2C482B36222F9EFE0002DA14 /* Products */;
			projectDirPath = "";
			projectRoot = "";
			targets = (
				2C482B34222F9EFE0002DA14 /* alamofirePractice */,
			);
		};
/* End PBXProject section */

/* Begin PBXResourcesBuildPhase section */
		2C482B33222F9EFE0002DA14 /* Resources */ = {
			isa = PBXResourcesBuildPhase;
			buildActionMask = 2147483647;
			files = (
				2C482B43222F9EFF0002DA14 /* LaunchScreen.storyboard in Resources */,
				2C482B40222F9EFF0002DA14 /* Assets.xcassets in Resources */,
				2C482B3E222F9EFE0002DA14 /* Main.storyboard in Resources */,
			);
			runOnlyForDeploymentPostprocessing = 0;
		};
/* End PBXResourcesBuildPhase section */

/* Begin PBXShellScriptBuildPhase section */
		68DB6B3BEE48B940232F88D1 /* [CP] Embed Pods Frameworks */ = {
			isa = PBXShellScriptBuildPhase;
			buildActionMask = 2147483647;
			files = (
			);
			inputFileListPaths = (
			);
			inputPaths = (
				"${PODS_ROOT}/Target Support Files/Pods-alamofirePractice/Pods-alamofirePractice-frameworks.sh",
				"${BUILT_PRODUCTS_DIR}/Alamofire/Alamofire.framework",
				"${BUILT_PRODUCTS_DIR}/SwiftyJSON/SwiftyJSON.framework",
			);
			name = "[CP] Embed Pods Frameworks";
			outputFileListPaths = (
			);
			outputPaths = (
				"${TARGET_BUILD_DIR}/${FRAMEWORKS_FOLDER_PATH}/Alamofire.framework",
				"${TARGET_BUILD_DIR}/${FRAMEWORKS_FOLDER_PATH}/SwiftyJSON.framework",
			);
			runOnlyForDeploymentPostprocessing = 0;
			shellPath = /bin/sh;
			shellScript = "\"${PODS_ROOT}/Target Support Files/Pods-alamofirePractice/Pods-alamofirePractice-frameworks.sh\"\n";
			showEnvVarsInLog = 0;
		};
		E455627A22C7526D795E2923 /* [CP] Check Pods Manifest.lock */ = {
			isa = PBXShellScriptBuildPhase;
			buildActionMask = 2147483647;
			files = (
			);
			inputFileListPaths = (
			);
			inputPaths = (
				"${PODS_PODFILE_DIR_PATH}/Podfile.lock",
				"${PODS_ROOT}/Manifest.lock",
			);
			name = "[CP] Check Pods Manifest.lock";
			outputFileListPaths = (
			);
			outputPaths = (
				"$(DERIVED_FILE_DIR)/Pods-alamofirePractice-checkManifestLockResult.txt",
			);
			runOnlyForDeploymentPostprocessing = 0;
			shellPath = /bin/sh;
			shellScript = "diff \"${PODS_PODFILE_DIR_PATH}/Podfile.lock\" \"${PODS_ROOT}/Manifest.lock\" > /dev/null\nif [ $? != 0 ] ; then\n    # print error to STDERR\n    echo \"error: The sandbox is not in sync with the Podfile.lock. Run 'pod install' or update your CocoaPods installation.\" >&2\n    exit 1\nfi\n# This output is used by Xcode 'outputs' to avoid re-running this script phase.\necho \"SUCCESS\" > \"${SCRIPT_OUTPUT_FILE_0}\"\n";
			showEnvVarsInLog = 0;
		};
/* End PBXShellScriptBuildPhase section */

/* Begin PBXSourcesBuildPhase section */
		2C482B31222F9EFE0002DA14 /* Sources */ = {
			isa = PBXSourcesBuildPhase;
			buildActionMask = 2147483647;
			files = (
				2C482B3B222F9EFE0002DA14 /* ViewController.swift in Sources */,
				2C482B39222F9EFE0002DA14 /* AppDelegate.swift in Sources */,
			);
			runOnlyForDeploymentPostprocessing = 0;
		};
/* End PBXSourcesBuildPhase section */

/* Begin PBXVariantGroup section */
		2C482B3C222F9EFE0002DA14 /* Main.storyboard */ = {
			isa = PBXVariantGroup;
			children = (
				2C482B3D222F9EFE0002DA14 /* Base */,
			);
			name = Main.storyboard;
			sourceTree = "<group>";
		};
		2C482B41222F9EFF0002DA14 /* LaunchScreen.storyboard */ = {
			isa = PBXVariantGroup;
			children = (
				2C482B42222F9EFF0002DA14 /* Base */,
			);
			name = LaunchScreen.storyboard;
			sourceTree = "<group>";
		};
/* End PBXVariantGroup section */

/* Begin XCBuildConfiguration section */
		2C482B45222F9EFF0002DA14 /* Debug */ = {
			isa = XCBuildConfiguration;
			buildSettings = {
				ALWAYS_SEARCH_USER_PATHS = NO;
				CLANG_ANALYZER_NONNULL = YES;
				CLANG_ANALYZER_NUMBER_OBJECT_CONVERSION = YES_AGGRESSIVE;
				CLANG_CXX_LANGUAGE_STANDARD = "gnu++14";
				CLANG_CXX_LIBRARY = "libc++";
				CLANG_ENABLE_MODULES = YES;
				CLANG_ENABLE_OBJC_ARC = YES;
				CLANG_ENABLE_OBJC_WEAK = YES;
				CLANG_WARN_BLOCK_CAPTURE_AUTORELEASING = YES;
				CLANG_WARN_BOOL_CONVERSION = YES;
				CLANG_WARN_COMMA = YES;
				CLANG_WARN_CONSTANT_CONVERSION = YES;
				CLANG_WARN_DEPRECATED_OBJC_IMPLEMENTATIONS = YES;
				CLANG_WARN_DIRECT_OBJC_ISA_USAGE = YES_ERROR;
				CLANG_WARN_DOCUMENTATION_COMMENTS = YES;
				CLANG_WARN_EMPTY_BODY = YES;
				CLANG_WARN_ENUM_CONVERSION = YES;
				CLANG_WARN_INFINITE_RECURSION = YES;
				CLANG_WARN_INT_CONVERSION = YES;
				CLANG_WARN_NON_LITERAL_NULL_CONVERSION = YES;
				CLANG_WARN_OBJC_IMPLICIT_RETAIN_SELF = YES;
				CLANG_WARN_OBJC_LITERAL_CONVERSION = YES;
				CLANG_WARN_OBJC_ROOT_CLASS = YES_ERROR;
				CLANG_WARN_RANGE_LOOP_ANALYSIS = YES;
				CLANG_WARN_STRICT_PROTOTYPES = YES;
				CLANG_WARN_SUSPICIOUS_MOVE = YES;
				CLANG_WARN_UNGUARDED_AVAILABILITY = YES_AGGRESSIVE;
				CLANG_WARN_UNREACHABLE_CODE = YES;
				CLANG_WARN__DUPLICATE_METHOD_MATCH = YES;
				CODE_SIGN_IDENTITY = "iPhone Developer";
				COPY_PHASE_STRIP = NO;
				DEBUG_INFORMATION_FORMAT = dwarf;
				ENABLE_STRICT_OBJC_MSGSEND = YES;
				ENABLE_TESTABILITY = YES;
				GCC_C_LANGUAGE_STANDARD = gnu11;
				GCC_DYNAMIC_NO_PIC = NO;
				GCC_NO_COMMON_BLOCKS = YES;
				GCC_OPTIMIZATION_LEVEL = 0;
				GCC_PREPROCESSOR_DEFINITIONS = (
					"DEBUG=1",
					"$(inherited)",
				);
				GCC_WARN_64_TO_32_BIT_CONVERSION = YES;
				GCC_WARN_ABOUT_RETURN_TYPE = YES_ERROR;
				GCC_WARN_UNDECLARED_SELECTOR = YES;
				GCC_WARN_UNINITIALIZED_AUTOS = YES_AGGRESSIVE;
				GCC_WARN_UNUSED_FUNCTION = YES;
				GCC_WARN_UNUSED_VARIABLE = YES;
				IPHONEOS_DEPLOYMENT_TARGET = 12.1;
				MTL_ENABLE_DEBUG_INFO = INCLUDE_SOURCE;
				MTL_FAST_MATH = YES;
				ONLY_ACTIVE_ARCH = YES;
				SDKROOT = iphoneos;
				SWIFT_ACTIVE_COMPILATION_CONDITIONS = DEBUG;
				SWIFT_OPTIMIZATION_LEVEL = "-Onone";
			};
			name = Debug;
		};
		2C482B46222F9EFF0002DA14 /* Release */ = {
			isa = XCBuildConfiguration;
			buildSettings = {
				ALWAYS_SEARCH_USER_PATHS = NO;
				CLANG_ANALYZER_NONNULL = YES;
				CLANG_ANALYZER_NUMBER_OBJECT_CONVERSION = YES_AGGRESSIVE;
				CLANG_CXX_LANGUAGE_STANDARD = "gnu++14";
				CLANG_CXX_LIBRARY = "libc++";
				CLANG_ENABLE_MODULES = YES;
				CLANG_ENABLE_OBJC_ARC = YES;
				CLANG_ENABLE_OBJC_WEAK = YES;
				CLANG_WARN_BLOCK_CAPTURE_AUTORELEASING = YES;
				CLANG_WARN_BOOL_CONVERSION = YES;
				CLANG_WARN_COMMA = YES;
				CLANG_WARN_CONSTANT_CONVERSION = YES;
				CLANG_WARN_DEPRECATED_OBJC_IMPLEMENTATIONS = YES;
				CLANG_WARN_DIRECT_OBJC_ISA_USAGE = YES_ERROR;
				CLANG_WARN_DOCUMENTATION_COMMENTS = YES;
				CLANG_WARN_EMPTY_BODY = YES;
				CLANG_WARN_ENUM_CONVERSION = YES;
				CLANG_WARN_INFINITE_RECURSION = YES;
				CLANG_WARN_INT_CONVERSION = YES;
				CLANG_WARN_NON_LITERAL_NULL_CONVERSION = YES;
				CLANG_WARN_OBJC_IMPLICIT_RETAIN_SELF = YES;
				CLANG_WARN_OBJC_LITERAL_CONVERSION = YES;
				CLANG_WARN_OBJC_ROOT_CLASS = YES_ERROR;
				CLANG_WARN_RANGE_LOOP_ANALYSIS = YES;
				CLANG_WARN_STRICT_PROTOTYPES = YES;
				CLANG_WARN_SUSPICIOUS_MOVE = YES;
				CLANG_WARN_UNGUARDED_AVAILABILITY = YES_AGGRESSIVE;
				CLANG_WARN_UNREACHABLE_CODE = YES;
				CLANG_WARN__DUPLICATE_METHOD_MATCH = YES;
				CODE_SIGN_IDENTITY = "iPhone Developer";
				COPY_PHASE_STRIP = NO;
				DEBUG_INFORMATION_FORMAT = "dwarf-with-dsym";
				ENABLE_NS_ASSERTIONS = NO;
				ENABLE_STRICT_OBJC_MSGSEND = YES;
				GCC_C_LANGUAGE_STANDARD = gnu11;
				GCC_NO_COMMON_BLOCKS = YES;
				GCC_WARN_64_TO_32_BIT_CONVERSION = YES;
				GCC_WARN_ABOUT_RETURN_TYPE = YES_ERROR;
				GCC_WARN_UNDECLARED_SELECTOR = YES;
				GCC_WARN_UNINITIALIZED_AUTOS = YES_AGGRESSIVE;
				GCC_WARN_UNUSED_FUNCTION = YES;
				GCC_WARN_UNUSED_VARIABLE = YES;
				IPHONEOS_DEPLOYMENT_TARGET = 12.1;
				MTL_ENABLE_DEBUG_INFO = NO;
				MTL_FAST_MATH = YES;
				SDKROOT = iphoneos;
				SWIFT_COMPILATION_MODE = wholemodule;
				SWIFT_OPTIMIZATION_LEVEL = "-O";
				VALIDATE_PRODUCT = YES;
			};
			name = Release;
		};
		2C482B48222F9EFF0002DA14 /* Debug */ = {
			isa = XCBuildConfiguration;
			baseConfigurationReference = 26760FA95CBBD78951DF12B6 /* Pods-alamofirePractice.debug.xcconfig */;
			buildSettings = {
				ASSETCATALOG_COMPILER_APPICON_NAME = AppIcon;
				CODE_SIGN_STYLE = Automatic;
				DEVELOPMENT_TEAM = H32366639N;
				INFOPLIST_FILE = alamofirePractice/Info.plist;
				LD_RUNPATH_SEARCH_PATHS = (
					"$(inherited)",
					"@executable_path/Frameworks",
				);
				PRODUCT_BUNDLE_IDENTIFIER = "ta-fukase.alamofirePractice";
				PRODUCT_NAME = "$(TARGET_NAME)";
				SWIFT_VERSION = 4.2;
				TARGETED_DEVICE_FAMILY = "1,2";
			};
			name = Debug;
		};
		2C482B49222F9EFF0002DA14 /* Release */ = {
			isa = XCBuildConfiguration;
			baseConfigurationReference = FC7E7C24C059EBBC33D23920 /* Pods-alamofirePractice.release.xcconfig */;
			buildSettings = {
				ASSETCATALOG_COMPILER_APPICON_NAME = AppIcon;
				CODE_SIGN_STYLE = Automatic;
				DEVELOPMENT_TEAM = H32366639N;
				INFOPLIST_FILE = alamofirePractice/Info.plist;
				LD_RUNPATH_SEARCH_PATHS = (
					"$(inherited)",
					"@executable_path/Frameworks",
				);
				PRODUCT_BUNDLE_IDENTIFIER = "ta-fukase.alamofirePractice";
				PRODUCT_NAME = "$(TARGET_NAME)";
				SWIFT_VERSION = 4.2;
				TARGETED_DEVICE_FAMILY = "1,2";
			};
			name = Release;
		};
/* End XCBuildConfiguration section */

/* Begin XCConfigurationList section */
		2C482B30222F9EFE0002DA14 /* Build configuration list for PBXProject "alamofirePractice" */ = {
			isa = XCConfigurationList;
			buildConfigurations = (
				2C482B45222F9EFF0002DA14 /* Debug */,
				2C482B46222F9EFF0002DA14 /* Release */,
			);
			defaultConfigurationIsVisible = 0;
			defaultConfigurationName = Release;
		};
		2C482B47222F9EFF0002DA14 /* Build configuration list for PBXNativeTarget "alamofirePractice" */ = {
			isa = XCConfigurationList;
			buildConfigurations = (
				2C482B48222F9EFF0002DA14 /* Debug */,
				2C482B49222F9EFF0002DA14 /* Release */,
			);
			defaultConfigurationIsVisible = 0;
			defaultConfigurationName = Release;
		};
/* End XCConfigurationList section */
	};
	rootObject = 2C482B2D222F9EFE0002DA14 /* Project object */;
}
